// !$*UTF8*$!
{
	archiveVersion = 1;
	classes = {
	};
	objectVersion = 54;
	objects = {

/* Begin PBXAggregateTarget section */
		4E5C1C25DA3448CCA65BD988 /* ALL_BUILD */ = {
			isa = PBXAggregateTarget;
			buildConfigurationList = ABFD3ECE098E4EF5A2F44BDB /* Build configuration list for PBXAggregateTarget "ALL_BUILD" */;
			buildPhases = (
				1CC70789A97088BDAB691ED6 /* Generate CMakeFiles/ALL_BUILD */,
			);
			dependencies = (
				00011B9C174748328FD3E55E /* PBXTargetDependency */,
				7863E1182D524D24AFEB03C5 /* PBXTargetDependency */,
				B1F7933DEB674BA3A83C1322 /* PBXTargetDependency */,
			);
			name = ALL_BUILD;
			productName = ALL_BUILD;
		};
		697C2AB6B2EE48A0A0C4D22D /* ZERO_CHECK */ = {
			isa = PBXAggregateTarget;
			buildConfigurationList = D458C0AAF80D4A7BA8EC58E6 /* Build configuration list for PBXAggregateTarget "ZERO_CHECK" */;
			buildPhases = (
				FA0F9C57BDF78956CB7E25B7 /* Generate CMakeFiles/ZERO_CHECK */,
			);
			dependencies = (
			);
			name = ZERO_CHECK;
			productName = ZERO_CHECK;
		};
/* End PBXAggregateTarget section */

/* Begin PBXBuildFile section */
		54F3CDD5387946DFA97F390E /* ActionList.cpp in Sources */ = {isa = PBXBuildFile; fileRef = 8BC9F591FEF5461C97C50F1A /* ActionList.cpp */; };
		8771BA011E214BB4AA6751AB /* testActionList.cpp in Sources */ = {isa = PBXBuildFile; fileRef = 40E05D812ED04A4587A85CE1 /* testActionList.cpp */; };
		FE6ADF3C074F4C3398F7E72C /* ActionList.cpp in Sources */ = {isa = PBXBuildFile; fileRef = 29E3A796475244E0A49E54F2 /* ActionList.cpp */; };
/* End PBXBuildFile section */

/* Begin PBXContainerItemProxy section */
		527CEAD068294F69A17D0C39 /* PBXContainerItemProxy */ = {
			isa = PBXContainerItemProxy;
			containerPortal = 39A03CEC7C95410B8161B9E1 /* Project object */;
			proxyType = 1;
			remoteGlobalIDString = 1B075A4DCE1F41F185E0FB72;
			remoteInfo = xpxstoragesdk;
		};
		681490DCE64546A79D19B861 /* PBXContainerItemProxy */ = {
			isa = PBXContainerItemProxy;
			containerPortal = 39A03CEC7C95410B8161B9E1 /* Project object */;
			proxyType = 1;
			remoteGlobalIDString = C1ED145C97A649AFB5C4CC07;
			remoteInfo = testActionList;
		};
		92647EE2492A4CB7BD95EE43 /* PBXContainerItemProxy */ = {
			isa = PBXContainerItemProxy;
			containerPortal = 39A03CEC7C95410B8161B9E1 /* Project object */;
			proxyType = 1;
			remoteGlobalIDString = 697C2AB6B2EE48A0A0C4D22D;
			remoteInfo = ZERO_CHECK;
		};
		D501DCE7BAAE4204B88BA4D6 /* PBXContainerItemProxy */ = {
			isa = PBXContainerItemProxy;
			containerPortal = 39A03CEC7C95410B8161B9E1 /* Project object */;
			proxyType = 1;
			remoteGlobalIDString = 697C2AB6B2EE48A0A0C4D22D;
			remoteInfo = ZERO_CHECK;
		};
		E610A6F3BA584DBBA279023D /* PBXContainerItemProxy */ = {
			isa = PBXContainerItemProxy;
			containerPortal = 39A03CEC7C95410B8161B9E1 /* Project object */;
			proxyType = 1;
			remoteGlobalIDString = 697C2AB6B2EE48A0A0C4D22D;
			remoteInfo = ZERO_CHECK;
		};
/* End PBXContainerItemProxy section */

/* Begin PBXFileReference section */
		1BD08279689C495DBC676571 /* libxpxstoragesdk.dylib */ = {isa = PBXFileReference; explicitFileType = "compiled.mach-o.dylib"; path = libxpxstoragesdk.dylib; sourceTree = BUILT_PRODUCTS_DIR; };
		29E3A796475244E0A49E54F2 /* ActionList.cpp */ = {isa = PBXFileReference; explicitFileType = sourcecode.cpp.cpp; fileEncoding = 4; name = ActionList.cpp; path = src/ActionList.cpp; sourceTree = SOURCE_ROOT; };
		40E05D812ED04A4587A85CE1 /* testActionList.cpp */ = {isa = PBXFileReference; explicitFileType = sourcecode.cpp.cpp; fileEncoding = 4; name = testActionList.cpp; path = examples/testActionList.cpp; sourceTree = SOURCE_ROOT; };
		558DCB6D6FE34A0E99D2CA19 /* CMakeLists.txt */ = {isa = PBXFileReference; explicitFileType = sourcecode.text; fileEncoding = 4; lastKnownFileType = text; path = CMakeLists.txt; sourceTree = SOURCE_ROOT; };
		76E8DC04434E4479AE5246CF /* testActionList */ = {isa = PBXFileReference; explicitFileType = "compiled.mach-o.executable"; path = testActionList; sourceTree = BUILT_PRODUCTS_DIR; };
		8BC9F591FEF5461C97C50F1A /* ActionList.cpp */ = {isa = PBXFileReference; explicitFileType = sourcecode.cpp.cpp; fileEncoding = 4; name = ActionList.cpp; path = src/ActionList.cpp; sourceTree = SOURCE_ROOT; };
		A569B3E1BFC64714AA06929E /* CMakeLists.txt */ = {isa = PBXFileReference; explicitFileType = sourcecode.text; fileEncoding = 4; lastKnownFileType = text; name = CMakeLists.txt; path = examples/CMakeLists.txt; sourceTree = SOURCE_ROOT; };
		BAD058AC0CD64B36B0057491 /* CMakeLists.txt */ = {isa = PBXFileReference; explicitFileType = sourcecode.text; fileEncoding = 4; lastKnownFileType = text; path = CMakeLists.txt; sourceTree = SOURCE_ROOT; };
		FAB40F2D25F1433900C83AC4 /* ActionList.h */ = {isa = PBXFileReference; lastKnownFileType = sourcecode.c.h; path = ActionList.h; sourceTree = "<group>"; };
		FAB40F2E25F1433900C83AC4 /* types.h */ = {isa = PBXFileReference; lastKnownFileType = sourcecode.c.h; path = types.h; sourceTree = "<group>"; };
		FAB40F2F25F1433900C83AC4 /* FileTransmitter.h */ = {isa = PBXFileReference; lastKnownFileType = sourcecode.c.h; path = FileTransmitter.h; sourceTree = "<group>"; };
		FAB40F3025F1439400C83AC4 /* DriveStorage.h */ = {isa = PBXFileReference; fileEncoding = 4; lastKnownFileType = sourcecode.c.h; path = DriveStorage.h; sourceTree = "<group>"; };
		FAB40F3125F146C800C83AC4 /* Drive.h */ = {isa = PBXFileReference; fileEncoding = 4; lastKnownFileType = sourcecode.c.h; path = Drive.h; sourceTree = "<group>"; };
/* End PBXFileReference section */

/* Begin PBXFrameworksBuildPhase section */
		2F0CA611ABB142A7B57AFFCF /* Frameworks */ = {
			isa = PBXFrameworksBuildPhase;
			buildActionMask = 2147483647;
			files = (
			);
			runOnlyForDeploymentPostprocessing = 0;
		};
		D834BB4FAE814DBDB5C7954A /* Frameworks */ = {
			isa = PBXFrameworksBuildPhase;
			buildActionMask = 2147483647;
			files = (
			);
			runOnlyForDeploymentPostprocessing = 0;
		};
/* End PBXFrameworksBuildPhase section */

/* Begin PBXGroup section */
		387C15374AE545D6A1FCA570 /* CMake Rules */ = {
			isa = PBXGroup;
			children = (
			);
			name = "CMake Rules";
			sourceTree = "<group>";
		};
		6F8A3156950546BCA434D783 /* Frameworks */ = {
			isa = PBXGroup;
			children = (
			);
			name = Frameworks;
			sourceTree = "<group>";
		};
		8439B9D05245480EA8518A5E /* ALL_BUILD */ = {
			isa = PBXGroup;
			children = (
				387C15374AE545D6A1FCA570 /* CMake Rules */,
				BAD058AC0CD64B36B0057491 /* CMakeLists.txt */,
			);
			name = ALL_BUILD;
			sourceTree = "<group>";
		};
		88C62791C40D4447A641FF6E /* testActionList */ = {
			isa = PBXGroup;
			children = (
				E53DA1AFC5F04F7CB1A9C1D3 /* Source Files */,
				A569B3E1BFC64714AA06929E /* CMakeLists.txt */,
			);
			name = testActionList;
			sourceTree = "<group>";
		};
		964B831A41BE447FA340801B /* Products */ = {
			isa = PBXGroup;
			children = (
				76E8DC04434E4479AE5246CF /* testActionList */,
				1BD08279689C495DBC676571 /* libxpxstoragesdk.dylib */,
			);
			name = Products;
			sourceTree = "<group>";
		};
		DABF2DF51D2C40C9B17C3E93 /* xpxstoragesdk */ = {
			isa = PBXGroup;
			children = (
				FAB40F2C25F1433900C83AC4 /* include */,
				F524526A6303463BBC1EA6BA /* Source Files */,
				558DCB6D6FE34A0E99D2CA19 /* CMakeLists.txt */,
			);
			name = xpxstoragesdk;
			sourceTree = "<group>";
		};
		DC187350555D499CABC25286 = {
			isa = PBXGroup;
			children = (
				DABF2DF51D2C40C9B17C3E93 /* xpxstoragesdk */,
				8439B9D05245480EA8518A5E /* ALL_BUILD */,
				88C62791C40D4447A641FF6E /* testActionList */,
				964B831A41BE447FA340801B /* Products */,
				6F8A3156950546BCA434D783 /* Frameworks */,
			);
			sourceTree = "<group>";
		};
		E53DA1AFC5F04F7CB1A9C1D3 /* Source Files */ = {
			isa = PBXGroup;
			children = (
				40E05D812ED04A4587A85CE1 /* testActionList.cpp */,
				8BC9F591FEF5461C97C50F1A /* ActionList.cpp */,
			);
			name = "Source Files";
			sourceTree = "<group>";
		};
		F524526A6303463BBC1EA6BA /* Source Files */ = {
			isa = PBXGroup;
			children = (
				29E3A796475244E0A49E54F2 /* ActionList.cpp */,
			);
			name = "Source Files";
			sourceTree = "<group>";
		};
		FAB40F2C25F1433900C83AC4 /* include */ = {
			isa = PBXGroup;
			children = (
				FAB40F3125F146C800C83AC4 /* Drive.h */,
				FAB40F3025F1439400C83AC4 /* DriveStorage.h */,
				FAB40F2D25F1433900C83AC4 /* ActionList.h */,
				FAB40F2E25F1433900C83AC4 /* types.h */,
				FAB40F2F25F1433900C83AC4 /* FileTransmitter.h */,
			);
			path = include;
			sourceTree = "<group>";
		};
/* End PBXGroup section */

/* Begin PBXNativeTarget section */
		1B075A4DCE1F41F185E0FB72 /* xpxstoragesdk */ = {
			isa = PBXNativeTarget;
			buildConfigurationList = C93B79E064B74CEDBDFE39E1 /* Build configuration list for PBXNativeTarget "xpxstoragesdk" */;
			buildPhases = (
				FA23360A3493420BB500E7E3 /* Sources */,
				D834BB4FAE814DBDB5C7954A /* Frameworks */,
				D91CDF5487814C124438F0A8 /* CMake PostBuild Rules */,
			);
			buildRules = (
			);
			dependencies = (
				8C4C934D1A754678A1BA6846 /* PBXTargetDependency */,
			);
			name = xpxstoragesdk;
			productName = xpxstoragesdk;
			productReference = 1BD08279689C495DBC676571 /* libxpxstoragesdk.dylib */;
			productType = "com.apple.product-type.library.dynamic";
		};
		C1ED145C97A649AFB5C4CC07 /* testActionList */ = {
			isa = PBXNativeTarget;
			buildConfigurationList = 429B68C321664CFB91C5D2AA /* Build configuration list for PBXNativeTarget "testActionList" */;
			buildPhases = (
				80CF8B3E3040495380DF83B4 /* Sources */,
				2F0CA611ABB142A7B57AFFCF /* Frameworks */,
			);
			buildRules = (
			);
			dependencies = (
				4D7BD2A1B9D4442C89678310 /* PBXTargetDependency */,
			);
			name = testActionList;
			productName = testActionList;
			productReference = 76E8DC04434E4479AE5246CF /* testActionList */;
			productType = "com.apple.product-type.tool";
		};
/* End PBXNativeTarget section */

/* Begin PBXProject section */
		39A03CEC7C95410B8161B9E1 /* Project object */ = {
			isa = PBXProject;
			attributes = {
				LastUpgradeCheck = 1240;
			};
			buildConfigurationList = C628A8399C794FABB2320B3A /* Build configuration list for PBXProject "cpp-xpx-storage-sdk" */;
			compatibilityVersion = "Xcode 3.2";
			developmentRegion = en;
			hasScannedForEncodings = 0;
			knownRegions = (
				en,
				Base,
			);
			mainGroup = DC187350555D499CABC25286;
			projectDirPath = "";
			projectRoot = "";
			targets = (
				4E5C1C25DA3448CCA65BD988 /* ALL_BUILD */,
				697C2AB6B2EE48A0A0C4D22D /* ZERO_CHECK */,
				C1ED145C97A649AFB5C4CC07 /* testActionList */,
				1B075A4DCE1F41F185E0FB72 /* xpxstoragesdk */,
			);
		};
/* End PBXProject section */

/* Begin PBXShellScriptBuildPhase section */
		1CC70789A97088BDAB691ED6 /* Generate CMakeFiles/ALL_BUILD */ = {
			isa = PBXShellScriptBuildPhase;
			alwaysOutOfDate = 1;
			buildActionMask = 2147483647;
			files = (
			);
			inputPaths = (
			);
			name = "Generate CMakeFiles/ALL_BUILD";
			outputPaths = (
				"/Users/alex/Proj/cpp-xpx-storage-sdk/CMakeFiles/ALL_BUILD",
			);
			runOnlyForDeploymentPostprocessing = 0;
			shellPath = /bin/sh;
			shellScript = "set -e\nif test \"$CONFIGURATION\" = \"Debug\"; then :\n  cd /Users/alex/Proj/cpp-xpx-storage-sdk\n  echo Build\\ all\\ projects\nfi\nif test \"$CONFIGURATION\" = \"Release\"; then :\n  cd /Users/alex/Proj/cpp-xpx-storage-sdk\n  echo Build\\ all\\ projects\nfi\nif test \"$CONFIGURATION\" = \"MinSizeRel\"; then :\n  cd /Users/alex/Proj/cpp-xpx-storage-sdk\n  echo Build\\ all\\ projects\nfi\nif test \"$CONFIGURATION\" = \"RelWithDebInfo\"; then :\n  cd /Users/alex/Proj/cpp-xpx-storage-sdk\n  echo Build\\ all\\ projects\nfi\n";
			showEnvVarsInLog = 0;
		};
		D91CDF5487814C124438F0A8 /* CMake PostBuild Rules */ = {
			isa = PBXShellScriptBuildPhase;
			alwaysOutOfDate = 1;
			buildActionMask = 2147483647;
			files = (
			);
			name = "CMake PostBuild Rules";
			outputPaths = (
			);
			runOnlyForDeploymentPostprocessing = 0;
			shellPath = /bin/sh;
			shellScript = "set -e\nif test \"$CONFIGURATION\" = \"Debug\"; then :\n  cd /Users/alex/Proj/cpp-xpx-storage-sdk\n  /usr/local/Cellar/cmake/3.19.4/bin/cmake -E cmake_symlink_library /Users/alex/Proj/cpp-xpx-storage-sdk/Debug/libxpxstoragesdk.dylib /Users/alex/Proj/cpp-xpx-storage-sdk/Debug/libxpxstoragesdk.dylib /Users/alex/Proj/cpp-xpx-storage-sdk/Debug/libxpxstoragesdk.dylib\nfi\nif test \"$CONFIGURATION\" = \"Release\"; then :\n  cd /Users/alex/Proj/cpp-xpx-storage-sdk\n  /usr/local/Cellar/cmake/3.19.4/bin/cmake -E cmake_symlink_library /Users/alex/Proj/cpp-xpx-storage-sdk/Release/libxpxstoragesdk.dylib /Users/alex/Proj/cpp-xpx-storage-sdk/Release/libxpxstoragesdk.dylib /Users/alex/Proj/cpp-xpx-storage-sdk/Release/libxpxstoragesdk.dylib\nfi\nif test \"$CONFIGURATION\" = \"MinSizeRel\"; then :\n  cd /Users/alex/Proj/cpp-xpx-storage-sdk\n  /usr/local/Cellar/cmake/3.19.4/bin/cmake -E cmake_symlink_library /Users/alex/Proj/cpp-xpx-storage-sdk/MinSizeRel/libxpxstoragesdk.dylib /Users/alex/Proj/cpp-xpx-storage-sdk/MinSizeRel/libxpxstoragesdk.dylib /Users/alex/Proj/cpp-xpx-storage-sdk/MinSizeRel/libxpxstoragesdk.dylib\nfi\nif test \"$CONFIGURATION\" = \"RelWithDebInfo\"; then :\n  cd /Users/alex/Proj/cpp-xpx-storage-sdk\n  /usr/local/Cellar/cmake/3.19.4/bin/cmake -E cmake_symlink_library /Users/alex/Proj/cpp-xpx-storage-sdk/RelWithDebInfo/libxpxstoragesdk.dylib /Users/alex/Proj/cpp-xpx-storage-sdk/RelWithDebInfo/libxpxstoragesdk.dylib /Users/alex/Proj/cpp-xpx-storage-sdk/RelWithDebInfo/libxpxstoragesdk.dylib\nfi\n";
			showEnvVarsInLog = 0;
		};
		FA0F9C57BDF78956CB7E25B7 /* Generate CMakeFiles/ZERO_CHECK */ = {
			isa = PBXShellScriptBuildPhase;
			alwaysOutOfDate = 1;
			buildActionMask = 2147483647;
			files = (
			);
			inputPaths = (
			);
			name = "Generate CMakeFiles/ZERO_CHECK";
			outputPaths = (
				"/Users/alex/Proj/cpp-xpx-storage-sdk/CMakeFiles/ZERO_CHECK",
			);
			runOnlyForDeploymentPostprocessing = 0;
			shellPath = /bin/sh;
			shellScript = "set -e\nif test \"$CONFIGURATION\" = \"Debug\"; then :\n  cd /Users/alex/Proj/cpp-xpx-storage-sdk\n  make -f /Users/alex/Proj/cpp-xpx-storage-sdk/CMakeScripts/ReRunCMake.make\nfi\nif test \"$CONFIGURATION\" = \"Release\"; then :\n  cd /Users/alex/Proj/cpp-xpx-storage-sdk\n  make -f /Users/alex/Proj/cpp-xpx-storage-sdk/CMakeScripts/ReRunCMake.make\nfi\nif test \"$CONFIGURATION\" = \"MinSizeRel\"; then :\n  cd /Users/alex/Proj/cpp-xpx-storage-sdk\n  make -f /Users/alex/Proj/cpp-xpx-storage-sdk/CMakeScripts/ReRunCMake.make\nfi\nif test \"$CONFIGURATION\" = \"RelWithDebInfo\"; then :\n  cd /Users/alex/Proj/cpp-xpx-storage-sdk\n  make -f /Users/alex/Proj/cpp-xpx-storage-sdk/CMakeScripts/ReRunCMake.make\nfi\n";
			showEnvVarsInLog = 0;
		};
/* End PBXShellScriptBuildPhase section */

/* Begin PBXSourcesBuildPhase section */
		80CF8B3E3040495380DF83B4 /* Sources */ = {
			isa = PBXSourcesBuildPhase;
			buildActionMask = 2147483647;
			files = (
				8771BA011E214BB4AA6751AB /* testActionList.cpp in Sources */,
				54F3CDD5387946DFA97F390E /* ActionList.cpp in Sources */,
			);
			runOnlyForDeploymentPostprocessing = 0;
		};
		FA23360A3493420BB500E7E3 /* Sources */ = {
			isa = PBXSourcesBuildPhase;
			buildActionMask = 2147483647;
			files = (
				FE6ADF3C074F4C3398F7E72C /* ActionList.cpp in Sources */,
			);
			runOnlyForDeploymentPostprocessing = 0;
		};
/* End PBXSourcesBuildPhase section */

/* Begin PBXTargetDependency section */
		00011B9C174748328FD3E55E /* PBXTargetDependency */ = {
			isa = PBXTargetDependency;
			target = 697C2AB6B2EE48A0A0C4D22D /* ZERO_CHECK */;
			targetProxy = 92647EE2492A4CB7BD95EE43 /* PBXContainerItemProxy */;
		};
		4D7BD2A1B9D4442C89678310 /* PBXTargetDependency */ = {
			isa = PBXTargetDependency;
			target = 697C2AB6B2EE48A0A0C4D22D /* ZERO_CHECK */;
			targetProxy = D501DCE7BAAE4204B88BA4D6 /* PBXContainerItemProxy */;
		};
		7863E1182D524D24AFEB03C5 /* PBXTargetDependency */ = {
			isa = PBXTargetDependency;
			target = C1ED145C97A649AFB5C4CC07 /* testActionList */;
			targetProxy = 681490DCE64546A79D19B861 /* PBXContainerItemProxy */;
		};
		8C4C934D1A754678A1BA6846 /* PBXTargetDependency */ = {
			isa = PBXTargetDependency;
			target = 697C2AB6B2EE48A0A0C4D22D /* ZERO_CHECK */;
			targetProxy = E610A6F3BA584DBBA279023D /* PBXContainerItemProxy */;
		};
		B1F7933DEB674BA3A83C1322 /* PBXTargetDependency */ = {
			isa = PBXTargetDependency;
			target = 1B075A4DCE1F41F185E0FB72 /* xpxstoragesdk */;
			targetProxy = 527CEAD068294F69A17D0C39 /* PBXContainerItemProxy */;
		};
/* End PBXTargetDependency section */

/* Begin XCBuildConfiguration section */
		06741DF3E4A64B6DB4861FD9 /* RelWithDebInfo */ = {
			isa = XCBuildConfiguration;
			buildSettings = {
				COMBINE_HIDPI_IMAGES = YES;
				EXECUTABLE_PREFIX = "";
				EXECUTABLE_SUFFIX = "";
				FRAMEWORK_SEARCH_PATHS = "$(inherited)";
				GCC_GENERATE_DEBUGGING_SYMBOLS = YES;
				GCC_INLINES_ARE_PRIVATE_EXTERN = NO;
				GCC_OPTIMIZATION_LEVEL = 2;
				GCC_PREPROCESSOR_DEFINITIONS = "'CMAKE_INTDIR=\"$(CONFIGURATION)$(EFFECTIVE_PLATFORM_NAME)\"'";
				GCC_SYMBOLS_PRIVATE_EXTERN = NO;
				HEADER_SEARCH_PATHS = (
					"/Users/alex/Proj/cpp-xpx-storage-sdk/PRIVATE",
					"/Users/alex/Proj/cpp-xpx-storage-sdk/include",
				);
				INSTALL_PATH = "";
				LIBRARY_SEARCH_PATHS = "$(inherited)";
				OTHER_CPLUSPLUSFLAGS = (
					"-DNDEBUG",
					"'-std=c++17'",
				);
				OTHER_LDFLAGS = (
					"-Wl,-search_paths_first",
					"-Wl,-headerpad_max_install_names",
				);
				OTHER_REZFLAGS = "";
				PRODUCT_NAME = testActionList;
				SECTORDER_FLAGS = "";
				SYMROOT = "/Users/alex/Proj/cpp-xpx-storage-sdk/examples";
				SYSTEM_HEADER_SEARCH_PATHS = "/Users/alex/Proj/cpp-xpx-storage-sdk/cereal/include";
				USE_HEADERMAP = NO;
				WARNING_CFLAGS = "$(inherited)";
			};
			name = RelWithDebInfo;
		};
		13743CF635894E9590B5EDDF /* MinSizeRel */ = {
			isa = XCBuildConfiguration;
			buildSettings = {
				COMBINE_HIDPI_IMAGES = YES;
				GCC_GENERATE_DEBUGGING_SYMBOLS = YES;
				GCC_INLINES_ARE_PRIVATE_EXTERN = NO;
				GCC_OPTIMIZATION_LEVEL = 0;
				GCC_PREPROCESSOR_DEFINITIONS = "'CMAKE_INTDIR=\"$(CONFIGURATION)$(EFFECTIVE_PLATFORM_NAME)\"'";
				GCC_SYMBOLS_PRIVATE_EXTERN = NO;
				INSTALL_PATH = "";
				OTHER_LDFLAGS = "";
				OTHER_REZFLAGS = "";
				PRODUCT_NAME = ZERO_CHECK;
				SECTORDER_FLAGS = "";
				SYMROOT = "/Users/alex/Proj/cpp-xpx-storage-sdk";
				USE_HEADERMAP = NO;
				WARNING_CFLAGS = "$(inherited)";
			};
			name = MinSizeRel;
		};
		1C97EBF6CBD54580AE4EC3AA /* MinSizeRel */ = {
			isa = XCBuildConfiguration;
			buildSettings = {
				ARCHS = "$(NATIVE_ARCH_ACTUAL)";
				MACOSX_DEPLOYMENT_TARGET = 10.15;
				ONLY_ACTIVE_ARCH = YES;
				SDKROOT = /Applications/Xcode.app/Contents/Developer/Platforms/MacOSX.platform/Developer/SDKs/MacOSX11.1.sdk;
				SYMROOT = "/Users/alex/Proj/cpp-xpx-storage-sdk/build";
			};
			name = MinSizeRel;
		};
		1E849F5FC95A49858BD92E14 /* Release */ = {
			isa = XCBuildConfiguration;
			buildSettings = {
				COMBINE_HIDPI_IMAGES = YES;
				GCC_GENERATE_DEBUGGING_SYMBOLS = YES;
				GCC_INLINES_ARE_PRIVATE_EXTERN = NO;
				GCC_OPTIMIZATION_LEVEL = 0;
				GCC_PREPROCESSOR_DEFINITIONS = "'CMAKE_INTDIR=\"$(CONFIGURATION)$(EFFECTIVE_PLATFORM_NAME)\"'";
				GCC_SYMBOLS_PRIVATE_EXTERN = NO;
				INSTALL_PATH = "";
				OTHER_LDFLAGS = "";
				OTHER_REZFLAGS = "";
				PRODUCT_NAME = ZERO_CHECK;
				SECTORDER_FLAGS = "";
				SYMROOT = "/Users/alex/Proj/cpp-xpx-storage-sdk";
				USE_HEADERMAP = NO;
				WARNING_CFLAGS = "$(inherited)";
			};
			name = Release;
		};
		1FB8DD4A839E4CEC80258805 /* RelWithDebInfo */ = {
			isa = XCBuildConfiguration;
			buildSettings = {
				ARCHS = "$(NATIVE_ARCH_ACTUAL)";
				MACOSX_DEPLOYMENT_TARGET = 10.15;
				ONLY_ACTIVE_ARCH = YES;
				SDKROOT = /Applications/Xcode.app/Contents/Developer/Platforms/MacOSX.platform/Developer/SDKs/MacOSX11.1.sdk;
				SYMROOT = "/Users/alex/Proj/cpp-xpx-storage-sdk/build";
			};
			name = RelWithDebInfo;
		};
		2A80D35B2F1C4E389E6883F7 /* RelWithDebInfo */ = {
			isa = XCBuildConfiguration;
			buildSettings = {
				COMBINE_HIDPI_IMAGES = YES;
				GCC_GENERATE_DEBUGGING_SYMBOLS = YES;
				GCC_INLINES_ARE_PRIVATE_EXTERN = NO;
				GCC_OPTIMIZATION_LEVEL = 0;
				GCC_PREPROCESSOR_DEFINITIONS = "'CMAKE_INTDIR=\"$(CONFIGURATION)$(EFFECTIVE_PLATFORM_NAME)\"'";
				GCC_SYMBOLS_PRIVATE_EXTERN = NO;
				INSTALL_PATH = "";
				OTHER_LDFLAGS = "";
				OTHER_REZFLAGS = "";
				PRODUCT_NAME = ALL_BUILD;
				SECTORDER_FLAGS = "";
				SYMROOT = "/Users/alex/Proj/cpp-xpx-storage-sdk";
				USE_HEADERMAP = NO;
				WARNING_CFLAGS = "$(inherited)";
			};
			name = RelWithDebInfo;
		};
		43C1119E5F7642E79B7487D3 /* Debug */ = {
			isa = XCBuildConfiguration;
			buildSettings = {
				COMBINE_HIDPI_IMAGES = YES;
				GCC_GENERATE_DEBUGGING_SYMBOLS = YES;
				GCC_INLINES_ARE_PRIVATE_EXTERN = NO;
				GCC_OPTIMIZATION_LEVEL = 0;
				GCC_PREPROCESSOR_DEFINITIONS = "'CMAKE_INTDIR=\"$(CONFIGURATION)$(EFFECTIVE_PLATFORM_NAME)\"'";
				GCC_SYMBOLS_PRIVATE_EXTERN = NO;
				INSTALL_PATH = "";
				OTHER_LDFLAGS = "";
				OTHER_REZFLAGS = "";
				PRODUCT_NAME = ZERO_CHECK;
				SECTORDER_FLAGS = "";
				SYMROOT = "/Users/alex/Proj/cpp-xpx-storage-sdk";
				USE_HEADERMAP = NO;
				WARNING_CFLAGS = "$(inherited)";
			};
			name = Debug;
		};
		5A71DD4432024482B8BBDA96 /* RelWithDebInfo */ = {
			isa = XCBuildConfiguration;
			buildSettings = {
				COMBINE_HIDPI_IMAGES = YES;
				GCC_GENERATE_DEBUGGING_SYMBOLS = YES;
				GCC_INLINES_ARE_PRIVATE_EXTERN = NO;
				GCC_OPTIMIZATION_LEVEL = 0;
				GCC_PREPROCESSOR_DEFINITIONS = "'CMAKE_INTDIR=\"$(CONFIGURATION)$(EFFECTIVE_PLATFORM_NAME)\"'";
				GCC_SYMBOLS_PRIVATE_EXTERN = NO;
				INSTALL_PATH = "";
				OTHER_LDFLAGS = "";
				OTHER_REZFLAGS = "";
				PRODUCT_NAME = ZERO_CHECK;
				SECTORDER_FLAGS = "";
				SYMROOT = "/Users/alex/Proj/cpp-xpx-storage-sdk";
				USE_HEADERMAP = NO;
				WARNING_CFLAGS = "$(inherited)";
			};
			name = RelWithDebInfo;
		};
		6CCBD1A7BFB948D8A5133D1D /* MinSizeRel */ = {
			isa = XCBuildConfiguration;
			buildSettings = {
				COMBINE_HIDPI_IMAGES = YES;
				DYLIB_COMPATIBILITY_VERSION = "";
				DYLIB_CURRENT_VERSION = "";
				EXECUTABLE_PREFIX = lib;
				EXECUTABLE_SUFFIX = .dylib;
				FRAMEWORK_SEARCH_PATHS = "$(inherited)";
				GCC_GENERATE_DEBUGGING_SYMBOLS = NO;
				GCC_INLINES_ARE_PRIVATE_EXTERN = NO;
				GCC_OPTIMIZATION_LEVEL = s;
				GCC_PREPROCESSOR_DEFINITIONS = (
					"'CMAKE_INTDIR=\"$(CONFIGURATION)$(EFFECTIVE_PLATFORM_NAME)\"'",
					xpxstoragesdk_EXPORTS,
				);
				GCC_SYMBOLS_PRIVATE_EXTERN = NO;
				HEADER_SEARCH_PATHS = (
					"/Users/alex/Proj/cpp-xpx-storage-sdk/PRIVATE",
					"/Users/alex/Proj/cpp-xpx-storage-sdk/include",
				);
				INSTALL_PATH = "@rpath";
				LIBRARY_SEARCH_PATHS = "$(inherited)";
				LIBRARY_STYLE = DYNAMIC;
				OTHER_CPLUSPLUSFLAGS = (
					"-DNDEBUG",
					"-fPIC",
					"'-std=c++17'",
				);
				OTHER_LDFLAGS = (
					"-dynamiclib",
					"-Wl,-headerpad_max_install_names",
				);
				OTHER_REZFLAGS = "";
				PRODUCT_NAME = xpxstoragesdk;
				SECTORDER_FLAGS = "";
				SYMROOT = "/Users/alex/Proj/cpp-xpx-storage-sdk";
				SYSTEM_HEADER_SEARCH_PATHS = "/Users/alex/Proj/cpp-xpx-storage-sdk/cereal/include";
				USE_HEADERMAP = NO;
				WARNING_CFLAGS = "$(inherited)";
			};
			name = MinSizeRel;
		};
		A9CFF81735E942D8B77E7435 /* RelWithDebInfo */ = {
			isa = XCBuildConfiguration;
			buildSettings = {
				COMBINE_HIDPI_IMAGES = YES;
				DYLIB_COMPATIBILITY_VERSION = "";
				DYLIB_CURRENT_VERSION = "";
				EXECUTABLE_PREFIX = lib;
				EXECUTABLE_SUFFIX = .dylib;
				FRAMEWORK_SEARCH_PATHS = "$(inherited)";
				GCC_GENERATE_DEBUGGING_SYMBOLS = YES;
				GCC_INLINES_ARE_PRIVATE_EXTERN = NO;
				GCC_OPTIMIZATION_LEVEL = 2;
				GCC_PREPROCESSOR_DEFINITIONS = (
					"'CMAKE_INTDIR=\"$(CONFIGURATION)$(EFFECTIVE_PLATFORM_NAME)\"'",
					xpxstoragesdk_EXPORTS,
				);
				GCC_SYMBOLS_PRIVATE_EXTERN = NO;
				HEADER_SEARCH_PATHS = (
					"/Users/alex/Proj/cpp-xpx-storage-sdk/PRIVATE",
					"/Users/alex/Proj/cpp-xpx-storage-sdk/include",
				);
				INSTALL_PATH = "@rpath";
				LIBRARY_SEARCH_PATHS = "$(inherited)";
				LIBRARY_STYLE = DYNAMIC;
				OTHER_CPLUSPLUSFLAGS = (
					"-DNDEBUG",
					"-fPIC",
					"'-std=c++17'",
				);
				OTHER_LDFLAGS = (
					"-dynamiclib",
					"-Wl,-headerpad_max_install_names",
				);
				OTHER_REZFLAGS = "";
				PRODUCT_NAME = xpxstoragesdk;
				SECTORDER_FLAGS = "";
				SYMROOT = "/Users/alex/Proj/cpp-xpx-storage-sdk";
				SYSTEM_HEADER_SEARCH_PATHS = "/Users/alex/Proj/cpp-xpx-storage-sdk/cereal/include";
				USE_HEADERMAP = NO;
				WARNING_CFLAGS = "$(inherited)";
			};
			name = RelWithDebInfo;
		};
		AA198AFCC6564AD2BC466722 /* Debug */ = {
			isa = XCBuildConfiguration;
			buildSettings = {
				ARCHS = "$(NATIVE_ARCH_ACTUAL)";
				MACOSX_DEPLOYMENT_TARGET = 10.15;
				ONLY_ACTIVE_ARCH = YES;
				SDKROOT = /Applications/Xcode.app/Contents/Developer/Platforms/MacOSX.platform/Developer/SDKs/MacOSX11.1.sdk;
				SYMROOT = "/Users/alex/Proj/cpp-xpx-storage-sdk/build";
			};
			name = Debug;
		};
		B8202302190D4A59B7482DDC /* Debug */ = {
			isa = XCBuildConfiguration;
			buildSettings = {
				COMBINE_HIDPI_IMAGES = YES;
				DYLIB_COMPATIBILITY_VERSION = "";
				DYLIB_CURRENT_VERSION = "";
				EXECUTABLE_PREFIX = lib;
				EXECUTABLE_SUFFIX = .dylib;
				FRAMEWORK_SEARCH_PATHS = "$(inherited)";
				GCC_GENERATE_DEBUGGING_SYMBOLS = YES;
				GCC_INLINES_ARE_PRIVATE_EXTERN = NO;
				GCC_OPTIMIZATION_LEVEL = 0;
				GCC_PREPROCESSOR_DEFINITIONS = (
					"'CMAKE_INTDIR=\"$(CONFIGURATION)$(EFFECTIVE_PLATFORM_NAME)\"'",
					xpxstoragesdk_EXPORTS,
				);
				GCC_SYMBOLS_PRIVATE_EXTERN = NO;
				HEADER_SEARCH_PATHS = (
					"/Users/alex/Proj/cpp-xpx-storage-sdk/PRIVATE",
					"/Users/alex/Proj/cpp-xpx-storage-sdk/include",
				);
				INSTALL_PATH = "@rpath";
				LIBRARY_SEARCH_PATHS = "$(inherited)";
				LIBRARY_STYLE = DYNAMIC;
				OTHER_CPLUSPLUSFLAGS = (
					"-fPIC",
					"'-std=c++17'",
				);
				OTHER_LDFLAGS = (
					"-dynamiclib",
					"-Wl,-headerpad_max_install_names",
				);
				OTHER_REZFLAGS = "";
				PRODUCT_NAME = xpxstoragesdk;
				SECTORDER_FLAGS = "";
				SYMROOT = "/Users/alex/Proj/cpp-xpx-storage-sdk";
				SYSTEM_HEADER_SEARCH_PATHS = "/Users/alex/Proj/cpp-xpx-storage-sdk/cereal/include";
				USE_HEADERMAP = NO;
				WARNING_CFLAGS = "$(inherited)";
			};
			name = Debug;
		};
		BD9D4C4F49D24B50A64999A9 /* Release */ = {
			isa = XCBuildConfiguration;
			buildSettings = {
				COMBINE_HIDPI_IMAGES = YES;
				EXECUTABLE_PREFIX = "";
				EXECUTABLE_SUFFIX = "";
				FRAMEWORK_SEARCH_PATHS = "$(inherited)";
				GCC_GENERATE_DEBUGGING_SYMBOLS = NO;
				GCC_INLINES_ARE_PRIVATE_EXTERN = NO;
				GCC_OPTIMIZATION_LEVEL = 3;
				GCC_PREPROCESSOR_DEFINITIONS = "'CMAKE_INTDIR=\"$(CONFIGURATION)$(EFFECTIVE_PLATFORM_NAME)\"'";
				GCC_SYMBOLS_PRIVATE_EXTERN = NO;
				HEADER_SEARCH_PATHS = (
					"/Users/alex/Proj/cpp-xpx-storage-sdk/PRIVATE",
					"/Users/alex/Proj/cpp-xpx-storage-sdk/include",
				);
				INSTALL_PATH = "";
				LIBRARY_SEARCH_PATHS = "$(inherited)";
				OTHER_CPLUSPLUSFLAGS = (
					"-DNDEBUG",
					"'-std=c++17'",
				);
				OTHER_LDFLAGS = (
					"-Wl,-search_paths_first",
					"-Wl,-headerpad_max_install_names",
				);
				OTHER_REZFLAGS = "";
				PRODUCT_NAME = testActionList;
				SECTORDER_FLAGS = "";
				SYMROOT = "/Users/alex/Proj/cpp-xpx-storage-sdk/examples";
				SYSTEM_HEADER_SEARCH_PATHS = "/Users/alex/Proj/cpp-xpx-storage-sdk/cereal/include";
				USE_HEADERMAP = NO;
				WARNING_CFLAGS = "$(inherited)";
			};
			name = Release;
		};
		BED9241CC11F4B9E99432C43 /* Release */ = {
			isa = XCBuildConfiguration;
			buildSettings = {
				COMBINE_HIDPI_IMAGES = YES;
				DYLIB_COMPATIBILITY_VERSION = "";
				DYLIB_CURRENT_VERSION = "";
				EXECUTABLE_PREFIX = lib;
				EXECUTABLE_SUFFIX = .dylib;
				FRAMEWORK_SEARCH_PATHS = "$(inherited)";
				GCC_GENERATE_DEBUGGING_SYMBOLS = NO;
				GCC_INLINES_ARE_PRIVATE_EXTERN = NO;
				GCC_OPTIMIZATION_LEVEL = 3;
				GCC_PREPROCESSOR_DEFINITIONS = (
					"'CMAKE_INTDIR=\"$(CONFIGURATION)$(EFFECTIVE_PLATFORM_NAME)\"'",
					xpxstoragesdk_EXPORTS,
				);
				GCC_SYMBOLS_PRIVATE_EXTERN = NO;
				HEADER_SEARCH_PATHS = (
					"/Users/alex/Proj/cpp-xpx-storage-sdk/PRIVATE",
					"/Users/alex/Proj/cpp-xpx-storage-sdk/include",
				);
				INSTALL_PATH = "@rpath";
				LIBRARY_SEARCH_PATHS = "$(inherited)";
				LIBRARY_STYLE = DYNAMIC;
				OTHER_CPLUSPLUSFLAGS = (
					"-DNDEBUG",
					"-fPIC",
					"'-std=c++17'",
				);
				OTHER_LDFLAGS = (
					"-dynamiclib",
					"-Wl,-headerpad_max_install_names",
				);
				OTHER_REZFLAGS = "";
				PRODUCT_NAME = xpxstoragesdk;
				SECTORDER_FLAGS = "";
				SYMROOT = "/Users/alex/Proj/cpp-xpx-storage-sdk";
				SYSTEM_HEADER_SEARCH_PATHS = "/Users/alex/Proj/cpp-xpx-storage-sdk/cereal/include";
				USE_HEADERMAP = NO;
				WARNING_CFLAGS = "$(inherited)";
			};
			name = Release;
		};
		C3AE232930224A6D8C92BFB4 /* MinSizeRel */ = {
			isa = XCBuildConfiguration;
			buildSettings = {
				COMBINE_HIDPI_IMAGES = YES;
				EXECUTABLE_PREFIX = "";
				EXECUTABLE_SUFFIX = "";
				FRAMEWORK_SEARCH_PATHS = "$(inherited)";
				GCC_GENERATE_DEBUGGING_SYMBOLS = NO;
				GCC_INLINES_ARE_PRIVATE_EXTERN = NO;
				GCC_OPTIMIZATION_LEVEL = s;
				GCC_PREPROCESSOR_DEFINITIONS = "'CMAKE_INTDIR=\"$(CONFIGURATION)$(EFFECTIVE_PLATFORM_NAME)\"'";
				GCC_SYMBOLS_PRIVATE_EXTERN = NO;
				HEADER_SEARCH_PATHS = (
					"/Users/alex/Proj/cpp-xpx-storage-sdk/PRIVATE",
					"/Users/alex/Proj/cpp-xpx-storage-sdk/include",
				);
				INSTALL_PATH = "";
				LIBRARY_SEARCH_PATHS = "$(inherited)";
				OTHER_CPLUSPLUSFLAGS = (
					"-DNDEBUG",
					"'-std=c++17'",
				);
				OTHER_LDFLAGS = (
					"-Wl,-search_paths_first",
					"-Wl,-headerpad_max_install_names",
				);
				OTHER_REZFLAGS = "";
				PRODUCT_NAME = testActionList;
				SECTORDER_FLAGS = "";
				SYMROOT = "/Users/alex/Proj/cpp-xpx-storage-sdk/examples";
				SYSTEM_HEADER_SEARCH_PATHS = "/Users/alex/Proj/cpp-xpx-storage-sdk/cereal/include";
				USE_HEADERMAP = NO;
				WARNING_CFLAGS = "$(inherited)";
			};
			name = MinSizeRel;
		};
		CAAE4473D4814A49AAC2070B /* Debug */ = {
			isa = XCBuildConfiguration;
			buildSettings = {
				COMBINE_HIDPI_IMAGES = YES;
				GCC_GENERATE_DEBUGGING_SYMBOLS = YES;
				GCC_INLINES_ARE_PRIVATE_EXTERN = NO;
				GCC_OPTIMIZATION_LEVEL = 0;
				GCC_PREPROCESSOR_DEFINITIONS = "'CMAKE_INTDIR=\"$(CONFIGURATION)$(EFFECTIVE_PLATFORM_NAME)\"'";
				GCC_SYMBOLS_PRIVATE_EXTERN = NO;
				INSTALL_PATH = "";
				OTHER_LDFLAGS = "";
				OTHER_REZFLAGS = "";
				PRODUCT_NAME = ALL_BUILD;
				SECTORDER_FLAGS = "";
				SYMROOT = "/Users/alex/Proj/cpp-xpx-storage-sdk";
				USE_HEADERMAP = NO;
				WARNING_CFLAGS = "$(inherited)";
			};
			name = Debug;
		};
		CB6F85F2A04D447AA1EC241E /* Debug */ = {
			isa = XCBuildConfiguration;
			buildSettings = {
				COMBINE_HIDPI_IMAGES = YES;
				EXECUTABLE_PREFIX = "";
				EXECUTABLE_SUFFIX = "";
				FRAMEWORK_SEARCH_PATHS = "$(inherited)";
				GCC_GENERATE_DEBUGGING_SYMBOLS = YES;
				GCC_INLINES_ARE_PRIVATE_EXTERN = NO;
				GCC_OPTIMIZATION_LEVEL = 0;
				GCC_PREPROCESSOR_DEFINITIONS = "'CMAKE_INTDIR=\"$(CONFIGURATION)$(EFFECTIVE_PLATFORM_NAME)\"'";
				GCC_SYMBOLS_PRIVATE_EXTERN = NO;
				HEADER_SEARCH_PATHS = (
					"/Users/alex/Proj/cpp-xpx-storage-sdk/PRIVATE",
					"/Users/alex/Proj/cpp-xpx-storage-sdk/include",
				);
				INSTALL_PATH = "";
				LIBRARY_SEARCH_PATHS = "$(inherited)";
				OTHER_CPLUSPLUSFLAGS = "   '-std=c++17' ";
				OTHER_LDFLAGS = (
					"-Wl,-search_paths_first",
					"-Wl,-headerpad_max_install_names",
				);
				OTHER_REZFLAGS = "";
				PRODUCT_NAME = testActionList;
				SECTORDER_FLAGS = "";
				SYMROOT = "/Users/alex/Proj/cpp-xpx-storage-sdk/examples";
				SYSTEM_HEADER_SEARCH_PATHS = "/Users/alex/Proj/cpp-xpx-storage-sdk/cereal/include";
				USE_HEADERMAP = NO;
				WARNING_CFLAGS = "$(inherited)";
			};
			name = Debug;
		};
		D6439A4E929C470E9447E85A /* MinSizeRel */ = {
			isa = XCBuildConfiguration;
			buildSettings = {
				COMBINE_HIDPI_IMAGES = YES;
				GCC_GENERATE_DEBUGGING_SYMBOLS = YES;
				GCC_INLINES_ARE_PRIVATE_EXTERN = NO;
				GCC_OPTIMIZATION_LEVEL = 0;
				GCC_PREPROCESSOR_DEFINITIONS = "'CMAKE_INTDIR=\"$(CONFIGURATION)$(EFFECTIVE_PLATFORM_NAME)\"'";
				GCC_SYMBOLS_PRIVATE_EXTERN = NO;
				INSTALL_PATH = "";
				OTHER_LDFLAGS = "";
				OTHER_REZFLAGS = "";
				PRODUCT_NAME = ALL_BUILD;
				SECTORDER_FLAGS = "";
				SYMROOT = "/Users/alex/Proj/cpp-xpx-storage-sdk";
				USE_HEADERMAP = NO;
				WARNING_CFLAGS = "$(inherited)";
			};
			name = MinSizeRel;
		};
		DC11E7D7F5B14FF48FCD8A73 /* Release */ = {
			isa = XCBuildConfiguration;
			buildSettings = {
				COMBINE_HIDPI_IMAGES = YES;
				GCC_GENERATE_DEBUGGING_SYMBOLS = YES;
				GCC_INLINES_ARE_PRIVATE_EXTERN = NO;
				GCC_OPTIMIZATION_LEVEL = 0;
				GCC_PREPROCESSOR_DEFINITIONS = "'CMAKE_INTDIR=\"$(CONFIGURATION)$(EFFECTIVE_PLATFORM_NAME)\"'";
				GCC_SYMBOLS_PRIVATE_EXTERN = NO;
				INSTALL_PATH = "";
				OTHER_LDFLAGS = "";
				OTHER_REZFLAGS = "";
				PRODUCT_NAME = ALL_BUILD;
				SECTORDER_FLAGS = "";
				SYMROOT = "/Users/alex/Proj/cpp-xpx-storage-sdk";
				USE_HEADERMAP = NO;
				WARNING_CFLAGS = "$(inherited)";
			};
			name = Release;
		};
		E60C60C37AB14A92A4D483D5 /* Release */ = {
			isa = XCBuildConfiguration;
			buildSettings = {
				ARCHS = "$(NATIVE_ARCH_ACTUAL)";
				MACOSX_DEPLOYMENT_TARGET = 10.15;
				ONLY_ACTIVE_ARCH = YES;
				SDKROOT = /Applications/Xcode.app/Contents/Developer/Platforms/MacOSX.platform/Developer/SDKs/MacOSX11.1.sdk;
				SYMROOT = "/Users/alex/Proj/cpp-xpx-storage-sdk/build";
			};
			name = Release;
		};
/* End XCBuildConfiguration section */

/* Begin XCConfigurationList section */
		429B68C321664CFB91C5D2AA /* Build configuration list for PBXNativeTarget "testActionList" */ = {
			isa = XCConfigurationList;
			buildConfigurations = (
				CB6F85F2A04D447AA1EC241E /* Debug */,
				BD9D4C4F49D24B50A64999A9 /* Release */,
				C3AE232930224A6D8C92BFB4 /* MinSizeRel */,
				06741DF3E4A64B6DB4861FD9 /* RelWithDebInfo */,
			);
			defaultConfigurationIsVisible = 0;
			defaultConfigurationName = Debug;
		};
		ABFD3ECE098E4EF5A2F44BDB /* Build configuration list for PBXAggregateTarget "ALL_BUILD" */ = {
			isa = XCConfigurationList;
			buildConfigurations = (
				CAAE4473D4814A49AAC2070B /* Debug */,
				DC11E7D7F5B14FF48FCD8A73 /* Release */,
				D6439A4E929C470E9447E85A /* MinSizeRel */,
				2A80D35B2F1C4E389E6883F7 /* RelWithDebInfo */,
			);
			defaultConfigurationIsVisible = 0;
			defaultConfigurationName = Debug;
		};
		C628A8399C794FABB2320B3A /* Build configuration list for PBXProject "cpp-xpx-storage-sdk" */ = {
			isa = XCConfigurationList;
			buildConfigurations = (
				AA198AFCC6564AD2BC466722 /* Debug */,
				E60C60C37AB14A92A4D483D5 /* Release */,
				1C97EBF6CBD54580AE4EC3AA /* MinSizeRel */,
				1FB8DD4A839E4CEC80258805 /* RelWithDebInfo */,
			);
			defaultConfigurationIsVisible = 0;
			defaultConfigurationName = Debug;
		};
		C93B79E064B74CEDBDFE39E1 /* Build configuration list for PBXNativeTarget "xpxstoragesdk" */ = {
			isa = XCConfigurationList;
			buildConfigurations = (
				B8202302190D4A59B7482DDC /* Debug */,
				BED9241CC11F4B9E99432C43 /* Release */,
				6CCBD1A7BFB948D8A5133D1D /* MinSizeRel */,
				A9CFF81735E942D8B77E7435 /* RelWithDebInfo */,
			);
			defaultConfigurationIsVisible = 0;
			defaultConfigurationName = Debug;
		};
		D458C0AAF80D4A7BA8EC58E6 /* Build configuration list for PBXAggregateTarget "ZERO_CHECK" */ = {
			isa = XCConfigurationList;
			buildConfigurations = (
				43C1119E5F7642E79B7487D3 /* Debug */,
				1E849F5FC95A49858BD92E14 /* Release */,
				13743CF635894E9590B5EDDF /* MinSizeRel */,
				5A71DD4432024482B8BBDA96 /* RelWithDebInfo */,
			);
			defaultConfigurationIsVisible = 0;
			defaultConfigurationName = Debug;
		};
/* End XCConfigurationList section */
	};
	rootObject = 39A03CEC7C95410B8161B9E1 /* Project object */;
}
